<?xml version="1.0" encoding="utf-8"?>
<Project ToolsVersion="4.0" xmlns="http://schemas.microsoft.com/developer/msbuild/2003">
  <ItemGroup>
    <ClInclude Include="dinput8.h">
      <Filter>Head Files</Filter>
    </ClInclude>
    <ClInclude Include="framework.h">
      <Filter>Head Files</Filter>
    </ClInclude>
  </ItemGroup>
  <ItemGroup>
    <Filter Include="Head Files">
      <UniqueIdentifier>{f673c40e-9c8b-4198-9b7e-ceaf1b05886b}</UniqueIdentifier>
    </Filter>
    <Filter Include="Source Files">
      <UniqueIdentifier>{28b67287-4f38-46c9-80e6-5127f6cb8e23}</UniqueIdentifier>
    </Filter>
    <Filter Include="Def">
      <UniqueIdentifier>{1b651768-2a5c-4a4f-8fd2-b69d08c8b44e}</UniqueIdentifier>
    </Filter>
  </ItemGroup>
  <ItemGroup>
    <ClCompile Include="dllmain.cpp">
      <Filter>Source Files</Filter>
    </ClCompile>
  </ItemGroup>
  <ItemGroup>
    <None Include="dinput8.def">
      <Filter>Def</Filter>
    </None>
  </ItemGroup>
</Project>